{
  "name": "quikpay",
  "version": "1.0.0",
  "lockfileVersion": 3,
  "requires": true,
  "packages": {
    "": {
      "name": "quikpay",
      "version": "1.0.0",
      "license": "MIT",
      "workspaces": [
        "frontend/ui",
        "frontend/web",
        "frontend/mobile"
      ],
      "devDependencies": {
        "@types/node": "^20.11.0",
        "typescript": "^5.3.3"
      }
    },
    "frontend/mobile": {
      "version": "1.0.0",
      "extraneous": true,
      "dependencies": {
        "@expo/vector-icons": "^14.1.0",
        "@react-native-async-storage/async-storage": "^2.2.0",
        "@wagmi/core": "^2.6.0",
        "@walletconnect/modal-react-native": "^1.0.0",
        "@walletconnect/react-native-compat": "^2.10.0",
        "expo": "^50.0.0",
        "expo-barcode-scanner": "^12.9.0",
        "expo-build-properties": "^0.14.6",
        "expo-camera": "^14.0.0",
        "expo-linear-gradient": "^14.1.5",
        "expo-linking": "^6.2.0",
        "expo-router": "^3.4.0",
        "expo-status-bar": "^1.11.0",
        "expo-web-browser": "^12.8.0",
        "react": "^18.2.0",
        "react-native": "^0.73.0",
        "react-native-safe-area-context": "^4.8.0",
        "react-native-screens": "^3.29.0",
        "viem": "^2.7.0"
      },
      "devDependencies": {
        "@babel/core": "^7.23.0",
        "@expo/cli": "^0.24.15",
        "@types/react": "^18.2.0",
        "@types/react-native": "^0.73.0",
        "eas-cli": "^16.12.0",
        "typescript": "^5.3.3"
      }
    },
    "frontend/ui": {
      "version": "1.0.0",
      "extraneous": true,
      "dependencies": {
        "class-variance-authority": "^0.7.0",
        "clsx": "^2.1.0",
        "lucide-react": "^0.321.0",
        "lucide-react-native": "^0.321.0",
        "qrcode": "^1.5.3",
        "qrcode.react": "^3.2.0",
        "react": "^18.2.0",
        "react-native": "^0.73.0",
        "tailwind-merge": "^2.2.0"
      },
      "devDependencies": {
        "@types/qrcode": "^1.5.5",
        "@types/qrcode.react": "^3.0.0",
        "@types/react": "^18.2.0",
        "typescript": "^5.3.3",
        "vitest": "^1.2.0"
      },
      "peerDependencies": {
        "react": ">=18.0.0"
      }
    },
    "frontend/web": {
      "version": "1.0.0",
      "extraneous": true,
      "dependencies": {
        "@next/font": "^14.1.0",
        "@reown/appkit": "^1.7.19",
        "@reown/appkit-adapter-wagmi": "^1.7.19",
        "@tanstack/react-query": "^5.17.0",
        "@wagmi/connectors": "^4.1.0",
        "@wagmi/core": "^2.6.0",
        "autoprefixer": "^10.4.16",
        "class-variance-authority": "^0.7.0",
        "clsx": "^2.1.0",
        "ethers": "^6.10.0",
        "lucide-react": "^0.321.0",
        "next": "^14.1.0",
        "next-themes": "^0.2.1",
        "postcss": "^8.4.33",
        "react": "^18.2.0",
        "react-dom": "^18.2.0",
        "react-hot-toast": "^2.4.1",
        "react-qr-code": "^2.0.18",
        "tailwind-merge": "^2.2.0",
        "tailwindcss": "^3.4.0",
        "tailwindcss-animate": "^1.0.7",
        "typescript": "^5.3.3",
        "viem": "^2.7.0",
        "wagmi": "^2.5.0"
      },
      "devDependencies": {
        "@testing-library/jest-dom": "^6.6.3",
        "@testing-library/react": "^16.3.0",
        "@types/node": "^20.11.0",
        "@types/react": "^18.2.0",
        "@types/react-dom": "^18.2.0",
        "@vitejs/plugin-react": "^4.2.1",
        "eslint": "^8.56.0",
        "eslint-config-next": "^14.1.0",
        "vitest": "^1.2.0"
      }
    },
    "node_modules/@types/node": {
      "version": "20.19.10",
      "resolved": "https://registry.npmjs.org/@types/node/-/node-20.19.10.tgz",
      "integrity": "sha512-iAFpG6DokED3roLSP0K+ybeDdIX6Bc0Vd3mLW5uDqThPWtNos3E+EqOM11mPQHKzfWHqEBuLjIlsBQQ8CsISmQ==",
      "dev": true,
      "license": "MIT",
      "dependencies": {
        "undici-types": "~6.21.0"
      }
    },
    "node_modules/typescript": {
      "version": "5.9.2",
      "resolved": "https://registry.npmjs.org/typescript/-/typescript-5.9.2.tgz",
      "integrity": "sha512-CWBzXQrc/qOkhidw1OzBTQuYRbfyxDXJMVJ1XNwUHGROVmuaeiEm3OslpZ1RV96d7SKKjZKrSJu3+t/xlw3R9A==",
      "dev": true,
      "license": "Apache-2.0",
      "bin": {
        "tsc": "bin/tsc",
        "tsserver": "bin/tsserver"
      },
      "engines": {
        "node": ">=14.17"
      }
    },
    "node_modules/undici-types": {
      "version": "6.21.0",
      "resolved": "https://registry.npmjs.org/undici-types/-/undici-types-6.21.0.tgz",
      "integrity": "sha512-iwDZqg0QAGrg9Rav5H4n0M64c3mkR59cJ6wQp+7C4nI0gsmExaedaYLNO44eT4AtBBwjbTiGPMlt2Md0T9H9JQ==",
      "dev": true,
      "license": "MIT"
    }
  }
}
